
Microsoft Visual Studio Solution File, Format Version 12.00
# Visual Studio Version 17
VisualStudioVersion = 17.8.34525.116
MinimumVisualStudioVersion = 10.0.40219.1
Project("{FAE04EC0-301F-11D3-BF4B-00C04F79EFBC}") = "EsercizioS5D2", "EsercizioS5D2.csproj", "{D6EA116B-883E-40AB-AD62-4039FA267279}"
EndProject
Global
	GlobalSection(SolutionConfigurationPlatforms) = preSolution
		Debug|Any CPU = Debug|Any CPU
		Release|Any CPU = Release|Any CPU
	EndGlobalSection
	GlobalSection(ProjectConfigurationPlatforms) = postSolution
		{D6EA116B-883E-40AB-AD62-4039FA267279}.Debug|Any CPU.ActiveCfg = Debug|Any CPU
		{D6EA116B-883E-40AB-AD62-4039FA267279}.Debug|Any CPU.Build.0 = Debug|Any CPU
		{D6EA116B-883E-40AB-AD62-4039FA267279}.Release|Any CPU.ActiveCfg = Release|Any CPU
		{D6EA116B-883E-40AB-AD62-4039FA267279}.Release|Any CPU.Build.0 = Release|Any CPU
	EndGlobalSection
	GlobalSection(SolutionProperties) = preSolution
		HideSolutionNode = FALSE
	EndGlobalSection
	GlobalSection(ExtensibilityGlobals) = postSolution
		SolutionGuid = {8999ABAB-48BE-487C-842A-50C824A0FFF5}
	EndGlobalSection
EndGlobal
